
Microsoft Visual Studio Solution File, Format Version 12.00
# Visual Studio Version 17
VisualStudioVersion = 17.9.34616.47
MinimumVisualStudioVersion = 10.0.40219.1
Project("{FAE04EC0-301F-11D3-BF4B-00C04F79EFBC}") = "Datos", "Datos\Datos.csproj", "{7DB761C1-3A86-4147-B54A-4B4E2F1FE62E}"
EndProject
Project("{FAE04EC0-301F-11D3-BF4B-00C04F79EFBC}") = "Logica", "Logica\Logica.csproj", "{456934AA-6554-4B35-ABE6-98D073BA5AC6}"
EndProject
Project("{FAE04EC0-301F-11D3-BF4B-00C04F79EFBC}") = "MidSOAP", "MidSOAP\MidSOAP.csproj", "{6711862F-91B5-4ABD-833B-8CDE20C3D671}"
EndProject
Project("{FAE04EC0-301F-11D3-BF4B-00C04F79EFBC}") = "MidREST", "MidREST\MidREST.csproj", "{4F174DCD-8FAE-4349-9231-EFB17CD74889}"
EndProject
Global
	GlobalSection(SolutionConfigurationPlatforms) = preSolution
		Debug|Any CPU = Debug|Any CPU
		Release|Any CPU = Release|Any CPU
	EndGlobalSection
	GlobalSection(ProjectConfigurationPlatforms) = postSolution
		{7DB761C1-3A86-4147-B54A-4B4E2F1FE62E}.Debug|Any CPU.ActiveCfg = Debug|Any CPU
		{7DB761C1-3A86-4147-B54A-4B4E2F1FE62E}.Debug|Any CPU.Build.0 = Debug|Any CPU
		{7DB761C1-3A86-4147-B54A-4B4E2F1FE62E}.Release|Any CPU.ActiveCfg = Release|Any CPU
		{7DB761C1-3A86-4147-B54A-4B4E2F1FE62E}.Release|Any CPU.Build.0 = Release|Any CPU
		{456934AA-6554-4B35-ABE6-98D073BA5AC6}.Debug|Any CPU.ActiveCfg = Debug|Any CPU
		{456934AA-6554-4B35-ABE6-98D073BA5AC6}.Debug|Any CPU.Build.0 = Debug|Any CPU
		{456934AA-6554-4B35-ABE6-98D073BA5AC6}.Release|Any CPU.ActiveCfg = Release|Any CPU
		{456934AA-6554-4B35-ABE6-98D073BA5AC6}.Release|Any CPU.Build.0 = Release|Any CPU
		{6711862F-91B5-4ABD-833B-8CDE20C3D671}.Debug|Any CPU.ActiveCfg = Debug|Any CPU
		{6711862F-91B5-4ABD-833B-8CDE20C3D671}.Debug|Any CPU.Build.0 = Debug|Any CPU
		{6711862F-91B5-4ABD-833B-8CDE20C3D671}.Release|Any CPU.ActiveCfg = Release|Any CPU
		{6711862F-91B5-4ABD-833B-8CDE20C3D671}.Release|Any CPU.Build.0 = Release|Any CPU
		{4F174DCD-8FAE-4349-9231-EFB17CD74889}.Debug|Any CPU.ActiveCfg = Debug|Any CPU
		{4F174DCD-8FAE-4349-9231-EFB17CD74889}.Debug|Any CPU.Build.0 = Debug|Any CPU
		{4F174DCD-8FAE-4349-9231-EFB17CD74889}.Release|Any CPU.ActiveCfg = Release|Any CPU
		{4F174DCD-8FAE-4349-9231-EFB17CD74889}.Release|Any CPU.Build.0 = Release|Any CPU
	EndGlobalSection
	GlobalSection(SolutionProperties) = preSolution
		HideSolutionNode = FALSE
	EndGlobalSection
	GlobalSection(ExtensibilityGlobals) = postSolution
		SolutionGuid = {A8E6E242-FC1E-4F96-ABCF-315F1DE24291}
	EndGlobalSection
EndGlobal
